
Microsoft Visual Studio Solution File, Format Version 12.00
# Visual Studio Version 17
VisualStudioVersion = 17.5.002.0
MinimumVisualStudioVersion = 10.0.40219.1
Project("{9A19103F-16F7-4668-BE54-9A1E7A4F7556}") = "Witches Maze Runners", "Witches Maze Runners.csproj", "{077A9199-E1CF-4F8C-B848-B5DBEAE00663}"
EndProject
Global
	GlobalSection(SolutionConfigurationPlatforms) = preSolution
		Debug|Any CPU = Debug|Any CPU
		Release|Any CPU = Release|Any CPU
	EndGlobalSection
	GlobalSection(ProjectConfigurationPlatforms) = postSolution
		{077A9199-E1CF-4F8C-B848-B5DBEAE00663}.Debug|Any CPU.ActiveCfg = Debug|Any CPU
		{077A9199-E1CF-4F8C-B848-B5DBEAE00663}.Debug|Any CPU.Build.0 = Debug|Any CPU
		{077A9199-E1CF-4F8C-B848-B5DBEAE00663}.Release|Any CPU.ActiveCfg = Release|Any CPU
		{077A9199-E1CF-4F8C-B848-B5DBEAE00663}.Release|Any CPU.Build.0 = Release|Any CPU
	EndGlobalSection
	GlobalSection(SolutionProperties) = preSolution
		HideSolutionNode = FALSE
	EndGlobalSection
	GlobalSection(ExtensibilityGlobals) = postSolution
		SolutionGuid = {4986E4E9-109F-4CC7-8303-16DBE25D2638}
	EndGlobalSection
EndGlobal
